// !$*UTF8*$!
{
	archiveVersion = 1;
	classes = {
	};
	objectVersion = 50;
	objects = {

/* Begin PBXBuildFile section */
		FC47022F23468A0B00E4C377 /* AppDelegate.swift in Sources */ = {isa = PBXBuildFile; fileRef = FC47022E23468A0B00E4C377 /* AppDelegate.swift */; };
		FC47023123468A0B00E4C377 /* SceneDelegate.swift in Sources */ = {isa = PBXBuildFile; fileRef = FC47023023468A0B00E4C377 /* SceneDelegate.swift */; };
		FC47023623468A0B00E4C377 /* Main.storyboard in Resources */ = {isa = PBXBuildFile; fileRef = FC47023423468A0B00E4C377 /* Main.storyboard */; };
		FC47023823468A0C00E4C377 /* Assets.xcassets in Resources */ = {isa = PBXBuildFile; fileRef = FC47023723468A0C00E4C377 /* Assets.xcassets */; };
		FC47023B23468A0C00E4C377 /* LaunchScreen.storyboard in Resources */ = {isa = PBXBuildFile; fileRef = FC47023923468A0C00E4C377 /* LaunchScreen.storyboard */; };
		FC47024623468A7B00E4C377 /* Representative.swift in Sources */ = {isa = PBXBuildFile; fileRef = FC47024523468A7B00E4C377 /* Representative.swift */; };
		FC47024823468CD600E4C377 /* RepresentativeController.swift in Sources */ = {isa = PBXBuildFile; fileRef = FC47024723468CD600E4C377 /* RepresentativeController.swift */; };
		FC4702502346987B00E4C377 /* StateListTableViewController.swift in Sources */ = {isa = PBXBuildFile; fileRef = FC47024F2346987B00E4C377 /* StateListTableViewController.swift */; };
		FC470254234698F600E4C377 /* State.swift in Sources */ = {isa = PBXBuildFile; fileRef = FC470253234698F600E4C377 /* State.swift */; };
		FC4702562346996D00E4C377 /* RepresentativeTableViewCell.swift in Sources */ = {isa = PBXBuildFile; fileRef = FC4702552346996D00E4C377 /* RepresentativeTableViewCell.swift */; };
		FC47025823469A7600E4C377 /* StateDetailTableViewController.swift in Sources */ = {isa = PBXBuildFile; fileRef = FC47025723469A7600E4C377 /* StateDetailTableViewController.swift */; };
/* End PBXBuildFile section */

/* Begin PBXFileReference section */
		FC47022B23468A0B00E4C377 /* RepresentativeProject.app */ = {isa = PBXFileReference; explicitFileType = wrapper.application; includeInIndex = 0; path = RepresentativeProject.app; sourceTree = BUILT_PRODUCTS_DIR; };
		FC47022E23468A0B00E4C377 /* AppDelegate.swift */ = {isa = PBXFileReference; lastKnownFileType = sourcecode.swift; path = AppDelegate.swift; sourceTree = "<group>"; };
		FC47023023468A0B00E4C377 /* SceneDelegate.swift */ = {isa = PBXFileReference; lastKnownFileType = sourcecode.swift; path = SceneDelegate.swift; sourceTree = "<group>"; };
		FC47023523468A0B00E4C377 /* Base */ = {isa = PBXFileReference; lastKnownFileType = file.storyboard; name = Base; path = Base.lproj/Main.storyboard; sourceTree = "<group>"; };
		FC47023723468A0C00E4C377 /* Assets.xcassets */ = {isa = PBXFileReference; lastKnownFileType = folder.assetcatalog; path = Assets.xcassets; sourceTree = "<group>"; };
		FC47023A23468A0C00E4C377 /* Base */ = {isa = PBXFileReference; lastKnownFileType = file.storyboard; name = Base; path = Base.lproj/LaunchScreen.storyboard; sourceTree = "<group>"; };
		FC47023C23468A0C00E4C377 /* Info.plist */ = {isa = PBXFileReference; lastKnownFileType = text.plist.xml; path = Info.plist; sourceTree = "<group>"; };
		FC47024523468A7B00E4C377 /* Representative.swift */ = {isa = PBXFileReference; lastKnownFileType = sourcecode.swift; path = Representative.swift; sourceTree = "<group>"; };
		FC47024723468CD600E4C377 /* RepresentativeController.swift */ = {isa = PBXFileReference; lastKnownFileType = sourcecode.swift; path = RepresentativeController.swift; sourceTree = "<group>"; };
		FC47024F2346987B00E4C377 /* StateListTableViewController.swift */ = {isa = PBXFileReference; lastKnownFileType = sourcecode.swift; path = StateListTableViewController.swift; sourceTree = "<group>"; };
		FC470253234698F600E4C377 /* State.swift */ = {isa = PBXFileReference; lastKnownFileType = sourcecode.swift; path = State.swift; sourceTree = "<group>"; };
		FC4702552346996D00E4C377 /* RepresentativeTableViewCell.swift */ = {isa = PBXFileReference; lastKnownFileType = sourcecode.swift; path = RepresentativeTableViewCell.swift; sourceTree = "<group>"; };
		FC47025723469A7600E4C377 /* StateDetailTableViewController.swift */ = {isa = PBXFileReference; lastKnownFileType = sourcecode.swift; path = StateDetailTableViewController.swift; sourceTree = "<group>"; };
/* End PBXFileReference section */

/* Begin PBXFrameworksBuildPhase section */
		FC47022823468A0B00E4C377 /* Frameworks */ = {
			isa = PBXFrameworksBuildPhase;
			buildActionMask = 2147483647;
			files = (
			);
			runOnlyForDeploymentPostprocessing = 0;
		};
/* End PBXFrameworksBuildPhase section */

/* Begin PBXGroup section */
		FC47022223468A0B00E4C377 = {
			isa = PBXGroup;
			children = (
				FC47022D23468A0B00E4C377 /* RepresentativeProject */,
				FC47022C23468A0B00E4C377 /* Products */,
			);
			sourceTree = "<group>";
		};
		FC47022C23468A0B00E4C377 /* Products */ = {
			isa = PBXGroup;
			children = (
				FC47022B23468A0B00E4C377 /* RepresentativeProject.app */,
			);
			name = Products;
			sourceTree = "<group>";
		};
		FC47022D23468A0B00E4C377 /* RepresentativeProject */ = {
			isa = PBXGroup;
			children = (
				FC47024223468A4900E4C377 /* Resources */,
				FC47024323468A4F00E4C377 /* Views */,
				FC47024923468CDB00E4C377 /* Models */,
				FC47024A23468CE000E4C377 /* Controllers */,
			);
			path = RepresentativeProject;
			sourceTree = "<group>";
		};
		FC47024223468A4900E4C377 /* Resources */ = {
			isa = PBXGroup;
			children = (
				FC47022E23468A0B00E4C377 /* AppDelegate.swift */,
				FC47023023468A0B00E4C377 /* SceneDelegate.swift */,
				FC47023723468A0C00E4C377 /* Assets.xcassets */,
				FC47023923468A0C00E4C377 /* LaunchScreen.storyboard */,
				FC47023C23468A0C00E4C377 /* Info.plist */,
			);
			path = Resources;
			sourceTree = "<group>";
		};
		FC47024323468A4F00E4C377 /* Views */ = {
			isa = PBXGroup;
			children = (
				FC47024423468A5400E4C377 /* Storyboards */,
				FC47025923469BA600E4C377 /* Custom View */,
			);
			path = Views;
			sourceTree = "<group>";
		};
		FC47024423468A5400E4C377 /* Storyboards */ = {
			isa = PBXGroup;
			children = (
				FC47023423468A0B00E4C377 /* Main.storyboard */,
			);
			path = Storyboards;
			sourceTree = "<group>";
		};
		FC47024923468CDB00E4C377 /* Models */ = {
			isa = PBXGroup;
			children = (
				FC47024523468A7B00E4C377 /* Representative.swift */,
				FC470253234698F600E4C377 /* State.swift */,
			);
			path = Models;
			sourceTree = "<group>";
		};
		FC47024A23468CE000E4C377 /* Controllers */ = {
			isa = PBXGroup;
			children = (
				FC47024B23468CE600E4C377 /* Model Controllers */,
				FC47024E2346986800E4C377 /* View Controllers */,
			);
			path = Controllers;
			sourceTree = "<group>";
		};
		FC47024B23468CE600E4C377 /* Model Controllers */ = {
			isa = PBXGroup;
			children = (
				FC47024723468CD600E4C377 /* RepresentativeController.swift */,
			);
			path = "Model Controllers";
			sourceTree = "<group>";
		};
		FC47024E2346986800E4C377 /* View Controllers */ = {
			isa = PBXGroup;
			children = (
				FC47024F2346987B00E4C377 /* StateListTableViewController.swift */,
				FC47025723469A7600E4C377 /* StateDetailTableViewController.swift */,
			);
			path = "View Controllers";
			sourceTree = "<group>";
		};
		FC47025923469BA600E4C377 /* Custom View */ = {
			isa = PBXGroup;
			children = (
				FC4702552346996D00E4C377 /* RepresentativeTableViewCell.swift */,
			);
			path = "Custom View";
			sourceTree = "<group>";
		};
/* End PBXGroup section */

/* Begin PBXNativeTarget section */
		FC47022A23468A0B00E4C377 /* RepresentativeProject */ = {
			isa = PBXNativeTarget;
			buildConfigurationList = FC47023F23468A0C00E4C377 /* Build configuration list for PBXNativeTarget "RepresentativeProject" */;
			buildPhases = (
				FC47022723468A0B00E4C377 /* Sources */,
				FC47022823468A0B00E4C377 /* Frameworks */,
				FC47022923468A0B00E4C377 /* Resources */,
			);
			buildRules = (
			);
			dependencies = (
			);
			name = RepresentativeProject;
			productName = RepresentativeProject;
			productReference = FC47022B23468A0B00E4C377 /* RepresentativeProject.app */;
			productType = "com.apple.product-type.application";
		};
/* End PBXNativeTarget section */

/* Begin PBXProject section */
		FC47022323468A0B00E4C377 /* Project object */ = {
			isa = PBXProject;
			attributes = {
				LastSwiftUpdateCheck = 1100;
				LastUpgradeCheck = 1100;
				ORGANIZATIONNAME = "Josh Sparks";
				TargetAttributes = {
					FC47022A23468A0B00E4C377 = {
						CreatedOnToolsVersion = 11.0;
					};
				};
			};
			buildConfigurationList = FC47022623468A0B00E4C377 /* Build configuration list for PBXProject "RepresentativeProject" */;
			compatibilityVersion = "Xcode 9.3";
			developmentRegion = en;
			hasScannedForEncodings = 0;
			knownRegions = (
				en,
				Base,
			);
			mainGroup = FC47022223468A0B00E4C377;
			productRefGroup = FC47022C23468A0B00E4C377 /* Products */;
			projectDirPath = "";
			projectRoot = "";
			targets = (
				FC47022A23468A0B00E4C377 /* RepresentativeProject */,
			);
		};
/* End PBXProject section */

/* Begin PBXResourcesBuildPhase section */
		FC47022923468A0B00E4C377 /* Resources */ = {
			isa = PBXResourcesBuildPhase;
			buildActionMask = 2147483647;
			files = (
				FC47023B23468A0C00E4C377 /* LaunchScreen.storyboard in Resources */,
				FC47023823468A0C00E4C377 /* Assets.xcassets in Resources */,
				FC47023623468A0B00E4C377 /* Main.storyboard in Resources */,
			);
			runOnlyForDeploymentPostprocessing = 0;
		};
/* End PBXResourcesBuildPhase section */

/* Begin PBXSourcesBuildPhase section */
		FC47022723468A0B00E4C377 /* Sources */ = {
			isa = PBXSourcesBuildPhase;
			buildActionMask = 2147483647;
			files = (
				FC4702562346996D00E4C377 /* RepresentativeTableViewCell.swift in Sources */,
				FC47024823468CD600E4C377 /* RepresentativeController.swift in Sources */,
				FC47025823469A7600E4C377 /* StateDetailTableViewController.swift in Sources */,
				FC47024623468A7B00E4C377 /* Representative.swift in Sources */,
				FC47022F23468A0B00E4C377 /* AppDelegate.swift in Sources */,
				FC4702502346987B00E4C377 /* StateListTableViewController.swift in Sources */,
				FC47023123468A0B00E4C377 /* SceneDelegate.swift in Sources */,
				FC470254234698F600E4C377 /* State.swift in Sources */,
			);
			runOnlyForDeploymentPostprocessing = 0;
		};
/* End PBXSourcesBuildPhase section */

/* Begin PBXVariantGroup section */
		FC47023423468A0B00E4C377 /* Main.storyboard */ = {
			isa = PBXVariantGroup;
			children = (
				FC47023523468A0B00E4C377 /* Base */,
			);
			name = Main.storyboard;
			sourceTree = "<group>";
		};
		FC47023923468A0C00E4C377 /* LaunchScreen.storyboard */ = {
			isa = PBXVariantGroup;
			children = (
				FC47023A23468A0C00E4C377 /* Base */,
			);
			name = LaunchScreen.storyboard;
			sourceTree = "<group>";
		};
/* End PBXVariantGroup section */

/* Begin XCBuildConfiguration section */
		FC47023D23468A0C00E4C377 /* Debug */ = {
			isa = XCBuildConfiguration;
			buildSettings = {
				ALWAYS_SEARCH_USER_PATHS = NO;
				CLANG_ANALYZER_NONNULL = YES;
				CLANG_ANALYZER_NUMBER_OBJECT_CONVERSION = YES_AGGRESSIVE;
				CLANG_CXX_LANGUAGE_STANDARD = "gnu++14";
				CLANG_CXX_LIBRARY = "libc++";
				CLANG_ENABLE_MODULES = YES;
				CLANG_ENABLE_OBJC_ARC = YES;
				CLANG_ENABLE_OBJC_WEAK = YES;
				CLANG_WARN_BLOCK_CAPTURE_AUTORELEASING = YES;
				CLANG_WARN_BOOL_CONVERSION = YES;
				CLANG_WARN_COMMA = YES;
				CLANG_WARN_CONSTANT_CONVERSION = YES;
				CLANG_WARN_DEPRECATED_OBJC_IMPLEMENTATIONS = YES;
				CLANG_WARN_DIRECT_OBJC_ISA_USAGE = YES_ERROR;
				CLANG_WARN_DOCUMENTATION_COMMENTS = YES;
				CLANG_WARN_EMPTY_BODY = YES;
				CLANG_WARN_ENUM_CONVERSION = YES;
				CLANG_WARN_INFINITE_RECURSION = YES;
				CLANG_WARN_INT_CONVERSION = YES;
				CLANG_WARN_NON_LITERAL_NULL_CONVERSION = YES;
				CLANG_WARN_OBJC_IMPLICIT_RETAIN_SELF = YES;
				CLANG_WARN_OBJC_LITERAL_CONVERSION = YES;
				CLANG_WARN_OBJC_ROOT_CLASS = YES_ERROR;
				CLANG_WARN_RANGE_LOOP_ANALYSIS = YES;
				CLANG_WARN_STRICT_PROTOTYPES = YES;
				CLANG_WARN_SUSPICIOUS_MOVE = YES;
				CLANG_WARN_UNGUARDED_AVAILABILITY = YES_AGGRESSIVE;
				CLANG_WARN_UNREACHABLE_CODE = YES;
				CLANG_WARN__DUPLICATE_METHOD_MATCH = YES;
				COPY_PHASE_STRIP = NO;
				DEBUG_INFORMATION_FORMAT = dwarf;
				ENABLE_STRICT_OBJC_MSGSEND = YES;
				ENABLE_TESTABILITY = YES;
				GCC_C_LANGUAGE_STANDARD = gnu11;
				GCC_DYNAMIC_NO_PIC = NO;
				GCC_NO_COMMON_BLOCKS = YES;
				GCC_OPTIMIZATION_LEVEL = 0;
				GCC_PREPROCESSOR_DEFINITIONS = (
					"DEBUG=1",
					"$(inherited)",
				);
				GCC_WARN_64_TO_32_BIT_CONVERSION = YES;
				GCC_WARN_ABOUT_RETURN_TYPE = YES_ERROR;
				GCC_WARN_UNDECLARED_SELECTOR = YES;
				GCC_WARN_UNINITIALIZED_AUTOS = YES_AGGRESSIVE;
				GCC_WARN_UNUSED_FUNCTION = YES;
				GCC_WARN_UNUSED_VARIABLE = YES;
				IPHONEOS_DEPLOYMENT_TARGET = 13.0;
				MTL_ENABLE_DEBUG_INFO = INCLUDE_SOURCE;
				MTL_FAST_MATH = YES;
				ONLY_ACTIVE_ARCH = YES;
				SDKROOT = iphoneos;
				SWIFT_ACTIVE_COMPILATION_CONDITIONS = DEBUG;
				SWIFT_OPTIMIZATION_LEVEL = "-Onone";
			};
			name = Debug;
		};
		FC47023E23468A0C00E4C377 /* Release */ = {
			isa = XCBuildConfiguration;
			buildSettings = {
				ALWAYS_SEARCH_USER_PATHS = NO;
				CLANG_ANALYZER_NONNULL = YES;
				CLANG_ANALYZER_NUMBER_OBJECT_CONVERSION = YES_AGGRESSIVE;
				CLANG_CXX_LANGUAGE_STANDARD = "gnu++14";
				CLANG_CXX_LIBRARY = "libc++";
				CLANG_ENABLE_MODULES = YES;
				CLANG_ENABLE_OBJC_ARC = YES;
				CLANG_ENABLE_OBJC_WEAK = YES;
				CLANG_WARN_BLOCK_CAPTURE_AUTORELEASING = YES;
				CLANG_WARN_BOOL_CONVERSION = YES;
				CLANG_WARN_COMMA = YES;
				CLANG_WARN_CONSTANT_CONVERSION = YES;
				CLANG_WARN_DEPRECATED_OBJC_IMPLEMENTATIONS = YES;
				CLANG_WARN_DIRECT_OBJC_ISA_USAGE = YES_ERROR;
				CLANG_WARN_DOCUMENTATION_COMMENTS = YES;
				CLANG_WARN_EMPTY_BODY = YES;
				CLANG_WARN_ENUM_CONVERSION = YES;
				CLANG_WARN_INFINITE_RECURSION = YES;
				CLANG_WARN_INT_CONVERSION = YES;
				CLANG_WARN_NON_LITERAL_NULL_CONVERSION = YES;
				CLANG_WARN_OBJC_IMPLICIT_RETAIN_SELF = YES;
				CLANG_WARN_OBJC_LITERAL_CONVERSION = YES;
				CLANG_WARN_OBJC_ROOT_CLASS = YES_ERROR;
				CLANG_WARN_RANGE_LOOP_ANALYSIS = YES;
				CLANG_WARN_STRICT_PROTOTYPES = YES;
				CLANG_WARN_SUSPICIOUS_MOVE = YES;
				CLANG_WARN_UNGUARDED_AVAILABILITY = YES_AGGRESSIVE;
				CLANG_WARN_UNREACHABLE_CODE = YES;
				CLANG_WARN__DUPLICATE_METHOD_MATCH = YES;
				COPY_PHASE_STRIP = NO;
				DEBUG_INFORMATION_FORMAT = "dwarf-with-dsym";
				ENABLE_NS_ASSERTIONS = NO;
				ENABLE_STRICT_OBJC_MSGSEND = YES;
				GCC_C_LANGUAGE_STANDARD = gnu11;
				GCC_NO_COMMON_BLOCKS = YES;
				GCC_WARN_64_TO_32_BIT_CONVERSION = YES;
				GCC_WARN_ABOUT_RETURN_TYPE = YES_ERROR;
				GCC_WARN_UNDECLARED_SELECTOR = YES;
				GCC_WARN_UNINITIALIZED_AUTOS = YES_AGGRESSIVE;
				GCC_WARN_UNUSED_FUNCTION = YES;
				GCC_WARN_UNUSED_VARIABLE = YES;
				IPHONEOS_DEPLOYMENT_TARGET = 13.0;
				MTL_ENABLE_DEBUG_INFO = NO;
				MTL_FAST_MATH = YES;
				SDKROOT = iphoneos;
				SWIFT_COMPILATION_MODE = wholemodule;
				SWIFT_OPTIMIZATION_LEVEL = "-O";
				VALIDATE_PRODUCT = YES;
			};
			name = Release;
		};
		FC47024023468A0C00E4C377 /* Debug */ = {
			isa = XCBuildConfiguration;
			buildSettings = {
				ASSETCATALOG_COMPILER_APPICON_NAME = AppIcon;
				CODE_SIGN_STYLE = Automatic;
				DEVELOPMENT_TEAM = LNY44KHWJJ;
				INFOPLIST_FILE = "$(SRCROOT)/RepresentativeProject/Resources/Info.plist";
				LD_RUNPATH_SEARCH_PATHS = (
					"$(inherited)",
					"@executable_path/Frameworks",
				);
				PRODUCT_BUNDLE_IDENTIFIER = com.example.RepresentativeProject;
				PRODUCT_NAME = "$(TARGET_NAME)";
				SWIFT_VERSION = 5.0;
				TARGETED_DEVICE_FAMILY = "1,2";
			};
			name = Debug;
		};
		FC47024123468A0C00E4C377 /* Release */ = {
			isa = XCBuildConfiguration;
			buildSettings = {
				ASSETCATALOG_COMPILER_APPICON_NAME = AppIcon;
				CODE_SIGN_STYLE = Automatic;
				DEVELOPMENT_TEAM = LNY44KHWJJ;
				INFOPLIST_FILE = "$(SRCROOT)/RepresentativeProject/Resources/Info.plist";
				LD_RUNPATH_SEARCH_PATHS = (
					"$(inherited)",
					"@executable_path/Frameworks",
				);
				PRODUCT_BUNDLE_IDENTIFIER = com.example.RepresentativeProject;
				PRODUCT_NAME = "$(TARGET_NAME)";
				SWIFT_VERSION = 5.0;
				TARGETED_DEVICE_FAMILY = "1,2";
			};
			name = Release;
		};
/* End XCBuildConfiguration section */

/* Begin XCConfigurationList section */
		FC47022623468A0B00E4C377 /* Build configuration list for PBXProject "RepresentativeProject" */ = {
			isa = XCConfigurationList;
			buildConfigurations = (
				FC47023D23468A0C00E4C377 /* Debug */,
				FC47023E23468A0C00E4C377 /* Release */,
			);
			defaultConfigurationIsVisible = 0;
			defaultConfigurationName = Release;
		};
		FC47023F23468A0C00E4C377 /* Build configuration list for PBXNativeTarget "RepresentativeProject" */ = {
			isa = XCConfigurationList;
			buildConfigurations = (
				FC47024023468A0C00E4C377 /* Debug */,
				FC47024123468A0C00E4C377 /* Release */,
			);
			defaultConfigurationIsVisible = 0;
			defaultConfigurationName = Release;
		};
/* End XCConfigurationList section */
	};
	rootObject = FC47022323468A0B00E4C377 /* Project object */;
}
